
Microsoft Visual Studio Solution File, Format Version 12.00
# Visual Studio 15
VisualStudioVersion = 15.0.28307.168
MinimumVisualStudioVersion = 10.0.40219.1
Project("{9A19103F-16F7-4668-BE54-9A1E7A4F7556}") = "DatingApp.API", "DatingApp.API.csproj", "{940906AE-6720-42AC-AAC1-D0F615C686F2}"
EndProject
Global
	GlobalSection(SolutionConfigurationPlatforms) = preSolution
		Debug|Any CPU = Debug|Any CPU
		Release|Any CPU = Release|Any CPU
	EndGlobalSection
	GlobalSection(ProjectConfigurationPlatforms) = postSolution
		{940906AE-6720-42AC-AAC1-D0F615C686F2}.Debug|Any CPU.ActiveCfg = Debug|Any CPU
		{940906AE-6720-42AC-AAC1-D0F615C686F2}.Debug|Any CPU.Build.0 = Debug|Any CPU
		{940906AE-6720-42AC-AAC1-D0F615C686F2}.Release|Any CPU.ActiveCfg = Release|Any CPU
		{940906AE-6720-42AC-AAC1-D0F615C686F2}.Release|Any CPU.Build.0 = Release|Any CPU
	EndGlobalSection
	GlobalSection(SolutionProperties) = preSolution
		HideSolutionNode = FALSE
	EndGlobalSection
	GlobalSection(ExtensibilityGlobals) = postSolution
		SolutionGuid = {6ED31507-361A-445F-989F-0232B3CB8436}
	EndGlobalSection
EndGlobal
